
Microsoft Visual Studio Solution File, Format Version 12.00
# Visual Studio Version 16
VisualStudioVersion = 16.0.29709.97
MinimumVisualStudioVersion = 10.0.40219.1
Project("{FAE04EC0-301F-11D3-BF4B-00C04F79EFBC}") = "VideoRental", "VideoRental\VideoRental.csproj", "{D8C8F39C-4557-46AE-95BF-C49B13690DE8}"
EndProject
Global
	GlobalSection(SolutionConfigurationPlatforms) = preSolution
		Debug|Any CPU = Debug|Any CPU
		Release|Any CPU = Release|Any CPU
	EndGlobalSection
	GlobalSection(ProjectConfigurationPlatforms) = postSolution
		{D8C8F39C-4557-46AE-95BF-C49B13690DE8}.Debug|Any CPU.ActiveCfg = Debug|Any CPU
		{D8C8F39C-4557-46AE-95BF-C49B13690DE8}.Debug|Any CPU.Build.0 = Debug|Any CPU
		{D8C8F39C-4557-46AE-95BF-C49B13690DE8}.Release|Any CPU.ActiveCfg = Release|Any CPU
		{D8C8F39C-4557-46AE-95BF-C49B13690DE8}.Release|Any CPU.Build.0 = Release|Any CPU
	EndGlobalSection
	GlobalSection(SolutionProperties) = preSolution
		HideSolutionNode = FALSE
	EndGlobalSection
	GlobalSection(ExtensibilityGlobals) = postSolution
		SolutionGuid = {0153DD8C-B0EE-48A3-A805-B63BA3810905}
	EndGlobalSection
EndGlobal
